<Solution>
  <Folder Name="/src/">
    <Project Path="src/HospitalManagement.Api/HospitalManagement.Api.csproj" />
    <Project Path="src/HospitalManagement.Application/HospitalManagement.Application.csproj" />
    <Project Path="src/HospitalManagement.Domain/HospitalManagement.Domain.csproj" />
    <Project Path="src/HospitalManagement.Infrastructure/HospitalManagement.Infrastructure.csproj" />
  </Folder>
  <Folder Name="/tests/">
    <Project Path="tests/HospitalManagement.Tests/HospitalManagement.Tests.csproj" />
  </Folder>
</Solution>
